
Microsoft Visual Studio Solution File, Format Version 12.00
# Visual Studio Version 16
VisualStudioVersion = 16.0.30503.244
MinimumVisualStudioVersion = 10.0.40219.1
Project("{FAE04EC0-301F-11D3-BF4B-00C04F79EFBC}") = "BookStore-API", "BookStore-API\BookStore-API.csproj", "{7ACFD034-2597-4A7C-B45E-B989E96B4221}"
EndProject
Global
	GlobalSection(SolutionConfigurationPlatforms) = preSolution
		Debug|Any CPU = Debug|Any CPU
		Release|Any CPU = Release|Any CPU
	EndGlobalSection
	GlobalSection(ProjectConfigurationPlatforms) = postSolution
		{7ACFD034-2597-4A7C-B45E-B989E96B4221}.Debug|Any CPU.ActiveCfg = Debug|Any CPU
		{7ACFD034-2597-4A7C-B45E-B989E96B4221}.Debug|Any CPU.Build.0 = Debug|Any CPU
		{7ACFD034-2597-4A7C-B45E-B989E96B4221}.Release|Any CPU.ActiveCfg = Release|Any CPU
		{7ACFD034-2597-4A7C-B45E-B989E96B4221}.Release|Any CPU.Build.0 = Release|Any CPU
	EndGlobalSection
	GlobalSection(SolutionProperties) = preSolution
		HideSolutionNode = FALSE
	EndGlobalSection
	GlobalSection(ExtensibilityGlobals) = postSolution
		SolutionGuid = {CE3B7718-9B8B-49AF-B922-5FD54EFFE58A}
	EndGlobalSection
EndGlobal
